<?xml version="1.0" encoding="utf-8"?>
<Project ToolsVersion="4.0" xmlns="http://schemas.microsoft.com/developer/msbuild/2003">
  <ItemGroup>
    <Filter Include="Source Files">
      <UniqueIdentifier>{4FC737F1-C7A5-4376-A066-2A32D752A2FF}</UniqueIdentifier>
      <Extensions>cpp;c;cc;cxx;def;odl;idl;hpj;bat;asm;asmx</Extensions>
    </Filter>
    <Filter Include="Header Files">
      <UniqueIdentifier>{93995380-89BD-4b04-88EB-625FBE52EBFB}</UniqueIdentifier>
      <Extensions>h;hh;hpp;hxx;hm;inl;inc;ipp;xsd</Extensions>
    </Filter>
    <Filter Include="Resource Files">
      <UniqueIdentifier>{67DA6AB6-F800-4c08-8B7A-83BB121AAD01}</UniqueIdentifier>
      <Extensions>rc;ico;cur;bmp;dlg;rc2;rct;bin;rgs;gif;jpg;jpeg;jpe;resx;tiff;tif;png;wav;mfcribbon-ms</Extensions>
    </Filter>
    <Filter Include="Header Files\Example of usage headers">
      <UniqueIdentifier>{2d27f96f-0a2e-44f9-8966-664df7bab1b7}</UniqueIdentifier>
    </Filter>
    <Filter Include="Source Files\Example of usage source">
      <UniqueIdentifier>{852f51cb-3f95-4cdd-a18d-fab1ef17d929}</UniqueIdentifier>
    </Filter>
    <Filter Include="Header Files\Preformance tests">
      <UniqueIdentifier>{67d85763-84c5-472a-b25a-21a15e510662}</UniqueIdentifier>
    </Filter>
  </ItemGroup>
  <ItemGroup>
    <ClCompile Include="Engine.cpp">
      <Filter>Source Files</Filter>
    </ClCompile>
    <ClCompile Include="EntityManager.cpp">
      <Filter>Source Files</Filter>
    </ClCompile>
    <ClCompile Include="ISystem.cpp">
      <Filter>Source Files</Filter>
    </ClCompile>
    <ClCompile Include="Chunk.cpp">
      <Filter>Source Files</Filter>
    </ClCompile>
    <ClCompile Include="Archetype.cpp">
      <Filter>Source Files</Filter>
    </ClCompile>
    <ClCompile Include="ArchetypeChunkArray.cpp">
      <Filter>Source Files</Filter>
    </ClCompile>
    <ClCompile Include="API.cpp">
      <Filter>Source Files</Filter>
    </ClCompile>
    <ClCompile Include="SystemManager.cpp">
      <Filter>Source Files</Filter>
    </ClCompile>
    <ClCompile Include="Timer.cpp">
      <Filter>Source Files</Filter>
    </ClCompile>
    <ClCompile Include="TypeID.cpp">
      <Filter>Source Files</Filter>
    </ClCompile>
    <ClCompile Include="ComponentType.cpp">
      <Filter>Source Files</Filter>
    </ClCompile>
    <ClCompile Include="PlayerSystem.cpp">
      <Filter>Source Files\Example of usage source</Filter>
    </ClCompile>
    <ClCompile Include="EnamySystem.cpp">
      <Filter>Source Files\Example of usage source</Filter>
    </ClCompile>
    <ClCompile Include="LifetimeSystem.cpp">
      <Filter>Source Files\Example of usage source</Filter>
    </ClCompile>
    <ClCompile Include="Main.cpp">
      <Filter>Source Files\Example of usage source</Filter>
    </ClCompile>
  </ItemGroup>
  <ItemGroup>
    <ClInclude Include="ECS.h">
      <Filter>Header Files</Filter>
    </ClInclude>
    <ClInclude Include="Engine.h">
      <Filter>Header Files</Filter>
    </ClInclude>
    <ClInclude Include="EntityManager.h">
      <Filter>Header Files</Filter>
    </ClInclude>
    <ClInclude Include="IComponent.h">
      <Filter>Header Files</Filter>
    </ClInclude>
    <ClInclude Include="ISystem.h">
      <Filter>Header Files</Filter>
    </ClInclude>
    <ClInclude Include="Entity.h">
      <Filter>Header Files</Filter>
    </ClInclude>
    <ClInclude Include="Chunk.h">
      <Filter>Header Files</Filter>
    </ClInclude>
    <ClInclude Include="Archetype.h">
      <Filter>Header Files</Filter>
    </ClInclude>
    <ClInclude Include="ArchetypeChunkArray.h">
      <Filter>Header Files</Filter>
    </ClInclude>
    <ClInclude Include="EntityInChunk.h">
      <Filter>Header Files</Filter>
    </ClInclude>
    <ClInclude Include="ComponentType.h">
      <Filter>Header Files</Filter>
    </ClInclude>
    <ClInclude Include="API.h">
      <Filter>Header Files</Filter>
    </ClInclude>
    <ClInclude Include="System.h">
      <Filter>Header Files</Filter>
    </ClInclude>
    <ClInclude Include="SystemManager.h">
      <Filter>Header Files</Filter>
    </ClInclude>
    <ClInclude Include="Timer.h">
      <Filter>Header Files</Filter>
    </ClInclude>
    <ClInclude Include="PlayerSystem.h">
      <Filter>Header Files\Example of usage headers</Filter>
    </ClInclude>
    <ClInclude Include="EnamySystem.h">
      <Filter>Header Files\Example of usage headers</Filter>
    </ClInclude>
    <ClInclude Include="TypeID.h">
      <Filter>Header Files</Filter>
    </ClInclude>
    <ClInclude Include="LifetimeComponent.h">
      <Filter>Header Files\Example of usage headers</Filter>
    </ClInclude>
    <ClInclude Include="MovementComponent.h">
      <Filter>Header Files\Example of usage headers</Filter>
    </ClInclude>
    <ClInclude Include="EnamyComponent.h">
      <Filter>Header Files\Example of usage headers</Filter>
    </ClInclude>
    <ClInclude Include="PlayerComponent.h">
      <Filter>Header Files\Example of usage headers</Filter>
    </ClInclude>
    <ClInclude Include="LifetimeSystem.h">
      <Filter>Header Files\Example of usage headers</Filter>
    </ClInclude>
  </ItemGroup>
</Project>